
Microsoft Visual Studio Solution File, Format Version 12.00
# Visual Studio Version 16
VisualStudioVersion = 16.0.32106.194
MinimumVisualStudioVersion = 10.0.40219.1
Project("{FAE04EC0-301F-11D3-BF4B-00C04F79EFBC}") = "OctopusProject_Sample", "OctopusProject_Sample\OctopusProject_Sample.csproj", "{B59FA6E2-9BE8-4F76-8DF0-0DF2F676C900}"
EndProject
Global
	GlobalSection(SolutionConfigurationPlatforms) = preSolution
		Debug|Any CPU = Debug|Any CPU
		develop|Any CPU = develop|Any CPU
		qc|Any CPU = qc|Any CPU
		Release|Any CPU = Release|Any CPU
	EndGlobalSection
	GlobalSection(ProjectConfigurationPlatforms) = postSolution
		{B59FA6E2-9BE8-4F76-8DF0-0DF2F676C900}.Debug|Any CPU.ActiveCfg = Debug|Any CPU
		{B59FA6E2-9BE8-4F76-8DF0-0DF2F676C900}.Debug|Any CPU.Build.0 = Debug|Any CPU
		{B59FA6E2-9BE8-4F76-8DF0-0DF2F676C900}.develop|Any CPU.ActiveCfg = develop|Any CPU
		{B59FA6E2-9BE8-4F76-8DF0-0DF2F676C900}.develop|Any CPU.Build.0 = develop|Any CPU
		{B59FA6E2-9BE8-4F76-8DF0-0DF2F676C900}.qc|Any CPU.ActiveCfg = qc|Any CPU
		{B59FA6E2-9BE8-4F76-8DF0-0DF2F676C900}.qc|Any CPU.Build.0 = qc|Any CPU
		{B59FA6E2-9BE8-4F76-8DF0-0DF2F676C900}.Release|Any CPU.ActiveCfg = Release|Any CPU
		{B59FA6E2-9BE8-4F76-8DF0-0DF2F676C900}.Release|Any CPU.Build.0 = Release|Any CPU
	EndGlobalSection
	GlobalSection(SolutionProperties) = preSolution
		HideSolutionNode = FALSE
	EndGlobalSection
	GlobalSection(ExtensibilityGlobals) = postSolution
		SolutionGuid = {F9E10BB7-50CE-4A0D-9997-BB5997A92492}
	EndGlobalSection
EndGlobal
